
Microsoft Visual Studio Solution File, Format Version 12.00
# Visual Studio Version 16
VisualStudioVersion = 16.0.30011.22
MinimumVisualStudioVersion = 10.0.40219.1
Project("{FAE04EC0-301F-11D3-BF4B-00C04F79EFBC}") = "ufr-apdu-credit_card_reader-examples-csharp_wpf", "ufr-apdu-credit_card_reader-examples-csharp_wpf.csproj", "{BD37E41B-03FA-42FC-AADE-FA5B862376A1}"
EndProject
Global
	GlobalSection(SolutionConfigurationPlatforms) = preSolution
		Debug|Any CPU = Debug|Any CPU
		Release|Any CPU = Release|Any CPU
	EndGlobalSection
	GlobalSection(ProjectConfigurationPlatforms) = postSolution
		{BD37E41B-03FA-42FC-AADE-FA5B862376A1}.Debug|Any CPU.ActiveCfg = Debug|Any CPU
		{BD37E41B-03FA-42FC-AADE-FA5B862376A1}.Debug|Any CPU.Build.0 = Debug|Any CPU
		{BD37E41B-03FA-42FC-AADE-FA5B862376A1}.Release|Any CPU.ActiveCfg = Release|Any CPU
		{BD37E41B-03FA-42FC-AADE-FA5B862376A1}.Release|Any CPU.Build.0 = Release|Any CPU
	EndGlobalSection
	GlobalSection(SolutionProperties) = preSolution
		HideSolutionNode = FALSE
	EndGlobalSection
	GlobalSection(ExtensibilityGlobals) = postSolution
		SolutionGuid = {94A278F0-A77F-477D-9348-BFB9ED25A542}
	EndGlobalSection
EndGlobal
